// !$*UTF8*$!
{
	archiveVersion = 1;
	classes = {
	};
	objectVersion = 56;
	objects = {

/* Begin PBXBuildFile section */
		09F48B7029DE9BB9002F8AA0 /* createmenuApp.swift in Sources */ = {isa = PBXBuildFile; fileRef = 09F48B6F29DE9BB9002F8AA0 /* createmenuApp.swift */; };
		09F48B7229DE9BB9002F8AA0 /* ContentView.swift in Sources */ = {isa = PBXBuildFile; fileRef = 09F48B7129DE9BB9002F8AA0 /* ContentView.swift */; };
		09F48B7429DE9BBA002F8AA0 /* Assets.xcassets in Resources */ = {isa = PBXBuildFile; fileRef = 09F48B7329DE9BBA002F8AA0 /* Assets.xcassets */; };
		09F48B7729DE9BBA002F8AA0 /* Preview Assets.xcassets in Resources */ = {isa = PBXBuildFile; fileRef = 09F48B7629DE9BBA002F8AA0 /* Preview Assets.xcassets */; };
		09F48B8129DE9BBB002F8AA0 /* createmenuTests.swift in Sources */ = {isa = PBXBuildFile; fileRef = 09F48B8029DE9BBB002F8AA0 /* createmenuTests.swift */; };
		09F48B8B29DE9BBB002F8AA0 /* createmenuUITests.swift in Sources */ = {isa = PBXBuildFile; fileRef = 09F48B8A29DE9BBB002F8AA0 /* createmenuUITests.swift */; };
		09F48B8D29DE9BBB002F8AA0 /* createmenuUITestsLaunchTests.swift in Sources */ = {isa = PBXBuildFile; fileRef = 09F48B8C29DE9BBB002F8AA0 /* createmenuUITestsLaunchTests.swift */; };
/* End PBXBuildFile section */

/* Begin PBXContainerItemProxy section */
		09F48B7D29DE9BBB002F8AA0 /* PBXContainerItemProxy */ = {
			isa = PBXContainerItemProxy;
			containerPortal = 09F48B6429DE9BB9002F8AA0 /* Project object */;
			proxyType = 1;
			remoteGlobalIDString = 09F48B6B29DE9BB9002F8AA0;
			remoteInfo = createmenu;
		};
		09F48B8729DE9BBB002F8AA0 /* PBXContainerItemProxy */ = {
			isa = PBXContainerItemProxy;
			containerPortal = 09F48B6429DE9BB9002F8AA0 /* Project object */;
			proxyType = 1;
			remoteGlobalIDString = 09F48B6B29DE9BB9002F8AA0;
			remoteInfo = createmenu;
		};
/* End PBXContainerItemProxy section */

/* Begin PBXFileReference section */
		09F48B6C29DE9BB9002F8AA0 /* createmenu.app */ = {isa = PBXFileReference; explicitFileType = wrapper.application; includeInIndex = 0; path = createmenu.app; sourceTree = BUILT_PRODUCTS_DIR; };
		09F48B6F29DE9BB9002F8AA0 /* createmenuApp.swift */ = {isa = PBXFileReference; lastKnownFileType = sourcecode.swift; path = createmenuApp.swift; sourceTree = "<group>"; };
		09F48B7129DE9BB9002F8AA0 /* ContentView.swift */ = {isa = PBXFileReference; lastKnownFileType = sourcecode.swift; path = ContentView.swift; sourceTree = "<group>"; };
		09F48B7329DE9BBA002F8AA0 /* Assets.xcassets */ = {isa = PBXFileReference; lastKnownFileType = folder.assetcatalog; path = Assets.xcassets; sourceTree = "<group>"; };
		09F48B7629DE9BBA002F8AA0 /* Preview Assets.xcassets */ = {isa = PBXFileReference; lastKnownFileType = folder.assetcatalog; path = "Preview Assets.xcassets"; sourceTree = "<group>"; };
		09F48B7C29DE9BBB002F8AA0 /* createmenuTests.xctest */ = {isa = PBXFileReference; explicitFileType = wrapper.cfbundle; includeInIndex = 0; path = createmenuTests.xctest; sourceTree = BUILT_PRODUCTS_DIR; };
		09F48B8029DE9BBB002F8AA0 /* createmenuTests.swift */ = {isa = PBXFileReference; lastKnownFileType = sourcecode.swift; path = createmenuTests.swift; sourceTree = "<group>"; };
		09F48B8629DE9BBB002F8AA0 /* createmenuUITests.xctest */ = {isa = PBXFileReference; explicitFileType = wrapper.cfbundle; includeInIndex = 0; path = createmenuUITests.xctest; sourceTree = BUILT_PRODUCTS_DIR; };
		09F48B8A29DE9BBB002F8AA0 /* createmenuUITests.swift */ = {isa = PBXFileReference; lastKnownFileType = sourcecode.swift; path = createmenuUITests.swift; sourceTree = "<group>"; };
		09F48B8C29DE9BBB002F8AA0 /* createmenuUITestsLaunchTests.swift */ = {isa = PBXFileReference; lastKnownFileType = sourcecode.swift; path = createmenuUITestsLaunchTests.swift; sourceTree = "<group>"; };
/* End PBXFileReference section */

/* Begin PBXFrameworksBuildPhase section */
		09F48B6929DE9BB9002F8AA0 /* Frameworks */ = {
			isa = PBXFrameworksBuildPhase;
			buildActionMask = 2147483647;
			files = (
			);
			runOnlyForDeploymentPostprocessing = 0;
		};
		09F48B7929DE9BBB002F8AA0 /* Frameworks */ = {
			isa = PBXFrameworksBuildPhase;
			buildActionMask = 2147483647;
			files = (
			);
			runOnlyForDeploymentPostprocessing = 0;
		};
		09F48B8329DE9BBB002F8AA0 /* Frameworks */ = {
			isa = PBXFrameworksBuildPhase;
			buildActionMask = 2147483647;
			files = (
			);
			runOnlyForDeploymentPostprocessing = 0;
		};
/* End PBXFrameworksBuildPhase section */

/* Begin PBXGroup section */
		09F48B6329DE9BB9002F8AA0 = {
			isa = PBXGroup;
			children = (
				09F48B6E29DE9BB9002F8AA0 /* createmenu */,
				09F48B7F29DE9BBB002F8AA0 /* createmenuTests */,
				09F48B8929DE9BBB002F8AA0 /* createmenuUITests */,
				09F48B6D29DE9BB9002F8AA0 /* Products */,
			);
			sourceTree = "<group>";
		};
		09F48B6D29DE9BB9002F8AA0 /* Products */ = {
			isa = PBXGroup;
			children = (
				09F48B6C29DE9BB9002F8AA0 /* createmenu.app */,
				09F48B7C29DE9BBB002F8AA0 /* createmenuTests.xctest */,
				09F48B8629DE9BBB002F8AA0 /* createmenuUITests.xctest */,
			);
			name = Products;
			sourceTree = "<group>";
		};
		09F48B6E29DE9BB9002F8AA0 /* createmenu */ = {
			isa = PBXGroup;
			children = (
				09F48B6F29DE9BB9002F8AA0 /* createmenuApp.swift */,
				09F48B7129DE9BB9002F8AA0 /* ContentView.swift */,
				09F48B7329DE9BBA002F8AA0 /* Assets.xcassets */,
				09F48B7529DE9BBA002F8AA0 /* Preview Content */,
			);
			path = createmenu;
			sourceTree = "<group>";
		};
		09F48B7529DE9BBA002F8AA0 /* Preview Content */ = {
			isa = PBXGroup;
			children = (
				09F48B7629DE9BBA002F8AA0 /* Preview Assets.xcassets */,
			);
			path = "Preview Content";
			sourceTree = "<group>";
		};
		09F48B7F29DE9BBB002F8AA0 /* createmenuTests */ = {
			isa = PBXGroup;
			children = (
				09F48B8029DE9BBB002F8AA0 /* createmenuTests.swift */,
			);
			path = createmenuTests;
			sourceTree = "<group>";
		};
		09F48B8929DE9BBB002F8AA0 /* createmenuUITests */ = {
			isa = PBXGroup;
			children = (
				09F48B8A29DE9BBB002F8AA0 /* createmenuUITests.swift */,
				09F48B8C29DE9BBB002F8AA0 /* createmenuUITestsLaunchTests.swift */,
			);
			path = createmenuUITests;
			sourceTree = "<group>";
		};
/* End PBXGroup section */

/* Begin PBXNativeTarget section */
		09F48B6B29DE9BB9002F8AA0 /* createmenu */ = {
			isa = PBXNativeTarget;
			buildConfigurationList = 09F48B9029DE9BBB002F8AA0 /* Build configuration list for PBXNativeTarget "createmenu" */;
			buildPhases = (
				09F48B6829DE9BB9002F8AA0 /* Sources */,
				09F48B6929DE9BB9002F8AA0 /* Frameworks */,
				09F48B6A29DE9BB9002F8AA0 /* Resources */,
			);
			buildRules = (
			);
			dependencies = (
			);
			name = createmenu;
			productName = createmenu;
			productReference = 09F48B6C29DE9BB9002F8AA0 /* createmenu.app */;
			productType = "com.apple.product-type.application";
		};
		09F48B7B29DE9BBB002F8AA0 /* createmenuTests */ = {
			isa = PBXNativeTarget;
			buildConfigurationList = 09F48B9329DE9BBB002F8AA0 /* Build configuration list for PBXNativeTarget "createmenuTests" */;
			buildPhases = (
				09F48B7829DE9BBB002F8AA0 /* Sources */,
				09F48B7929DE9BBB002F8AA0 /* Frameworks */,
				09F48B7A29DE9BBB002F8AA0 /* Resources */,
			);
			buildRules = (
			);
			dependencies = (
				09F48B7E29DE9BBB002F8AA0 /* PBXTargetDependency */,
			);
			name = createmenuTests;
			productName = createmenuTests;
			productReference = 09F48B7C29DE9BBB002F8AA0 /* createmenuTests.xctest */;
			productType = "com.apple.product-type.bundle.unit-test";
		};
		09F48B8529DE9BBB002F8AA0 /* createmenuUITests */ = {
			isa = PBXNativeTarget;
			buildConfigurationList = 09F48B9629DE9BBB002F8AA0 /* Build configuration list for PBXNativeTarget "createmenuUITests" */;
			buildPhases = (
				09F48B8229DE9BBB002F8AA0 /* Sources */,
				09F48B8329DE9BBB002F8AA0 /* Frameworks */,
				09F48B8429DE9BBB002F8AA0 /* Resources */,
			);
			buildRules = (
			);
			dependencies = (
				09F48B8829DE9BBB002F8AA0 /* PBXTargetDependency */,
			);
			name = createmenuUITests;
			productName = createmenuUITests;
			productReference = 09F48B8629DE9BBB002F8AA0 /* createmenuUITests.xctest */;
			productType = "com.apple.product-type.bundle.ui-testing";
		};
/* End PBXNativeTarget section */

/* Begin PBXProject section */
		09F48B6429DE9BB9002F8AA0 /* Project object */ = {
			isa = PBXProject;
			attributes = {
				BuildIndependentTargetsInParallel = 1;
				LastSwiftUpdateCheck = 1420;
				LastUpgradeCheck = 1420;
				TargetAttributes = {
					09F48B6B29DE9BB9002F8AA0 = {
						CreatedOnToolsVersion = 14.2;
					};
					09F48B7B29DE9BBB002F8AA0 = {
						CreatedOnToolsVersion = 14.2;
						TestTargetID = 09F48B6B29DE9BB9002F8AA0;
					};
					09F48B8529DE9BBB002F8AA0 = {
						CreatedOnToolsVersion = 14.2;
						TestTargetID = 09F48B6B29DE9BB9002F8AA0;
					};
				};
			};
			buildConfigurationList = 09F48B6729DE9BB9002F8AA0 /* Build configuration list for PBXProject "createmenu" */;
			compatibilityVersion = "Xcode 14.0";
			developmentRegion = en;
			hasScannedForEncodings = 0;
			knownRegions = (
				en,
				Base,
			);
			mainGroup = 09F48B6329DE9BB9002F8AA0;
			productRefGroup = 09F48B6D29DE9BB9002F8AA0 /* Products */;
			projectDirPath = "";
			projectRoot = "";
			targets = (
				09F48B6B29DE9BB9002F8AA0 /* createmenu */,
				09F48B7B29DE9BBB002F8AA0 /* createmenuTests */,
				09F48B8529DE9BBB002F8AA0 /* createmenuUITests */,
			);
		};
/* End PBXProject section */

/* Begin PBXResourcesBuildPhase section */
		09F48B6A29DE9BB9002F8AA0 /* Resources */ = {
			isa = PBXResourcesBuildPhase;
			buildActionMask = 2147483647;
			files = (
				09F48B7729DE9BBA002F8AA0 /* Preview Assets.xcassets in Resources */,
				09F48B7429DE9BBA002F8AA0 /* Assets.xcassets in Resources */,
			);
			runOnlyForDeploymentPostprocessing = 0;
		};
		09F48B7A29DE9BBB002F8AA0 /* Resources */ = {
			isa = PBXResourcesBuildPhase;
			buildActionMask = 2147483647;
			files = (
			);
			runOnlyForDeploymentPostprocessing = 0;
		};
		09F48B8429DE9BBB002F8AA0 /* Resources */ = {
			isa = PBXResourcesBuildPhase;
			buildActionMask = 2147483647;
			files = (
			);
			runOnlyForDeploymentPostprocessing = 0;
		};
/* End PBXResourcesBuildPhase section */

/* Begin PBXSourcesBuildPhase section */
		09F48B6829DE9BB9002F8AA0 /* Sources */ = {
			isa = PBXSourcesBuildPhase;
			buildActionMask = 2147483647;
			files = (
				09F48B7229DE9BB9002F8AA0 /* ContentView.swift in Sources */,
				09F48B7029DE9BB9002F8AA0 /* createmenuApp.swift in Sources */,
			);
			runOnlyForDeploymentPostprocessing = 0;
		};
		09F48B7829DE9BBB002F8AA0 /* Sources */ = {
			isa = PBXSourcesBuildPhase;
			buildActionMask = 2147483647;
			files = (
				09F48B8129DE9BBB002F8AA0 /* createmenuTests.swift in Sources */,
			);
			runOnlyForDeploymentPostprocessing = 0;
		};
		09F48B8229DE9BBB002F8AA0 /* Sources */ = {
			isa = PBXSourcesBuildPhase;
			buildActionMask = 2147483647;
			files = (
				09F48B8B29DE9BBB002F8AA0 /* createmenuUITests.swift in Sources */,
				09F48B8D29DE9BBB002F8AA0 /* createmenuUITestsLaunchTests.swift in Sources */,
			);
			runOnlyForDeploymentPostprocessing = 0;
		};
/* End PBXSourcesBuildPhase section */

/* Begin PBXTargetDependency section */
		09F48B7E29DE9BBB002F8AA0 /* PBXTargetDependency */ = {
			isa = PBXTargetDependency;
			target = 09F48B6B29DE9BB9002F8AA0 /* createmenu */;
			targetProxy = 09F48B7D29DE9BBB002F8AA0 /* PBXContainerItemProxy */;
		};
		09F48B8829DE9BBB002F8AA0 /* PBXTargetDependency */ = {
			isa = PBXTargetDependency;
			target = 09F48B6B29DE9BB9002F8AA0 /* createmenu */;
			targetProxy = 09F48B8729DE9BBB002F8AA0 /* PBXContainerItemProxy */;
		};
/* End PBXTargetDependency section */

/* Begin XCBuildConfiguration section */
		09F48B8E29DE9BBB002F8AA0 /* Debug */ = {
			isa = XCBuildConfiguration;
			buildSettings = {
				ALWAYS_SEARCH_USER_PATHS = NO;
				CLANG_ANALYZER_NONNULL = YES;
				CLANG_ANALYZER_NUMBER_OBJECT_CONVERSION = YES_AGGRESSIVE;
				CLANG_CXX_LANGUAGE_STANDARD = "gnu++20";
				CLANG_ENABLE_MODULES = YES;
				CLANG_ENABLE_OBJC_ARC = YES;
				CLANG_ENABLE_OBJC_WEAK = YES;
				CLANG_WARN_BLOCK_CAPTURE_AUTORELEASING = YES;
				CLANG_WARN_BOOL_CONVERSION = YES;
				CLANG_WARN_COMMA = YES;
				CLANG_WARN_CONSTANT_CONVERSION = YES;
				CLANG_WARN_DEPRECATED_OBJC_IMPLEMENTATIONS = YES;
				CLANG_WARN_DIRECT_OBJC_ISA_USAGE = YES_ERROR;
				CLANG_WARN_DOCUMENTATION_COMMENTS = YES;
				CLANG_WARN_EMPTY_BODY = YES;
				CLANG_WARN_ENUM_CONVERSION = YES;
				CLANG_WARN_INFINITE_RECURSION = YES;
				CLANG_WARN_INT_CONVERSION = YES;
				CLANG_WARN_NON_LITERAL_NULL_CONVERSION = YES;
				CLANG_WARN_OBJC_IMPLICIT_RETAIN_SELF = YES;
				CLANG_WARN_OBJC_LITERAL_CONVERSION = YES;
				CLANG_WARN_OBJC_ROOT_CLASS = YES_ERROR;
				CLANG_WARN_QUOTED_INCLUDE_IN_FRAMEWORK_HEADER = YES;
				CLANG_WARN_RANGE_LOOP_ANALYSIS = YES;
				CLANG_WARN_STRICT_PROTOTYPES = YES;
				CLANG_WARN_SUSPICIOUS_MOVE = YES;
				CLANG_WARN_UNGUARDED_AVAILABILITY = YES_AGGRESSIVE;
				CLANG_WARN_UNREACHABLE_CODE = YES;
				CLANG_WARN__DUPLICATE_METHOD_MATCH = YES;
				COPY_PHASE_STRIP = NO;
				DEBUG_INFORMATION_FORMAT = dwarf;
				ENABLE_STRICT_OBJC_MSGSEND = YES;
				ENABLE_TESTABILITY = YES;
				GCC_C_LANGUAGE_STANDARD = gnu11;
				GCC_DYNAMIC_NO_PIC = NO;
				GCC_NO_COMMON_BLOCKS = YES;
				GCC_OPTIMIZATION_LEVEL = 0;
				GCC_PREPROCESSOR_DEFINITIONS = (
					"DEBUG=1",
					"$(inherited)",
				);
				GCC_WARN_64_TO_32_BIT_CONVERSION = YES;
				GCC_WARN_ABOUT_RETURN_TYPE = YES_ERROR;
				GCC_WARN_UNDECLARED_SELECTOR = YES;
				GCC_WARN_UNINITIALIZED_AUTOS = YES_AGGRESSIVE;
				GCC_WARN_UNUSED_FUNCTION = YES;
				GCC_WARN_UNUSED_VARIABLE = YES;
				IPHONEOS_DEPLOYMENT_TARGET = 16.2;
				MTL_ENABLE_DEBUG_INFO = INCLUDE_SOURCE;
				MTL_FAST_MATH = YES;
				ONLY_ACTIVE_ARCH = YES;
				SDKROOT = iphoneos;
				SWIFT_ACTIVE_COMPILATION_CONDITIONS = DEBUG;
				SWIFT_OPTIMIZATION_LEVEL = "-Onone";
			};
			name = Debug;
		};
		09F48B8F29DE9BBB002F8AA0 /* Release */ = {
			isa = XCBuildConfiguration;
			buildSettings = {
				ALWAYS_SEARCH_USER_PATHS = NO;
				CLANG_ANALYZER_NONNULL = YES;
				CLANG_ANALYZER_NUMBER_OBJECT_CONVERSION = YES_AGGRESSIVE;
				CLANG_CXX_LANGUAGE_STANDARD = "gnu++20";
				CLANG_ENABLE_MODULES = YES;
				CLANG_ENABLE_OBJC_ARC = YES;
				CLANG_ENABLE_OBJC_WEAK = YES;
				CLANG_WARN_BLOCK_CAPTURE_AUTORELEASING = YES;
				CLANG_WARN_BOOL_CONVERSION = YES;
				CLANG_WARN_COMMA = YES;
				CLANG_WARN_CONSTANT_CONVERSION = YES;
				CLANG_WARN_DEPRECATED_OBJC_IMPLEMENTATIONS = YES;
				CLANG_WARN_DIRECT_OBJC_ISA_USAGE = YES_ERROR;
				CLANG_WARN_DOCUMENTATION_COMMENTS = YES;
				CLANG_WARN_EMPTY_BODY = YES;
				CLANG_WARN_ENUM_CONVERSION = YES;
				CLANG_WARN_INFINITE_RECURSION = YES;
				CLANG_WARN_INT_CONVERSION = YES;
				CLANG_WARN_NON_LITERAL_NULL_CONVERSION = YES;
				CLANG_WARN_OBJC_IMPLICIT_RETAIN_SELF = YES;
				CLANG_WARN_OBJC_LITERAL_CONVERSION = YES;
				CLANG_WARN_OBJC_ROOT_CLASS = YES_ERROR;
				CLANG_WARN_QUOTED_INCLUDE_IN_FRAMEWORK_HEADER = YES;
				CLANG_WARN_RANGE_LOOP_ANALYSIS = YES;
				CLANG_WARN_STRICT_PROTOTYPES = YES;
				CLANG_WARN_SUSPICIOUS_MOVE = YES;
				CLANG_WARN_UNGUARDED_AVAILABILITY = YES_AGGRESSIVE;
				CLANG_WARN_UNREACHABLE_CODE = YES;
				CLANG_WARN__DUPLICATE_METHOD_MATCH = YES;
				COPY_PHASE_STRIP = NO;
				DEBUG_INFORMATION_FORMAT = "dwarf-with-dsym";
				ENABLE_NS_ASSERTIONS = NO;
				ENABLE_STRICT_OBJC_MSGSEND = YES;
				GCC_C_LANGUAGE_STANDARD = gnu11;
				GCC_NO_COMMON_BLOCKS = YES;
				GCC_WARN_64_TO_32_BIT_CONVERSION = YES;
				GCC_WARN_ABOUT_RETURN_TYPE = YES_ERROR;
				GCC_WARN_UNDECLARED_SELECTOR = YES;
				GCC_WARN_UNINITIALIZED_AUTOS = YES_AGGRESSIVE;
				GCC_WARN_UNUSED_FUNCTION = YES;
				GCC_WARN_UNUSED_VARIABLE = YES;
				IPHONEOS_DEPLOYMENT_TARGET = 16.2;
				MTL_ENABLE_DEBUG_INFO = NO;
				MTL_FAST_MATH = YES;
				SDKROOT = iphoneos;
				SWIFT_COMPILATION_MODE = wholemodule;
				SWIFT_OPTIMIZATION_LEVEL = "-O";
				VALIDATE_PRODUCT = YES;
			};
			name = Release;
		};
		09F48B9129DE9BBB002F8AA0 /* Debug */ = {
			isa = XCBuildConfiguration;
			buildSettings = {
				ASSETCATALOG_COMPILER_APPICON_NAME = AppIcon;
				ASSETCATALOG_COMPILER_GLOBAL_ACCENT_COLOR_NAME = AccentColor;
				CODE_SIGN_STYLE = Automatic;
				CURRENT_PROJECT_VERSION = 1;
				DEVELOPMENT_ASSET_PATHS = "\"createmenu/Preview Content\"";
				ENABLE_PREVIEWS = YES;
				GENERATE_INFOPLIST_FILE = YES;
				INFOPLIST_KEY_UIApplicationSceneManifest_Generation = YES;
				INFOPLIST_KEY_UIApplicationSupportsIndirectInputEvents = YES;
				INFOPLIST_KEY_UILaunchScreen_Generation = YES;
				INFOPLIST_KEY_UISupportedInterfaceOrientations_iPad = "UIInterfaceOrientationPortrait UIInterfaceOrientationPortraitUpsideDown UIInterfaceOrientationLandscapeLeft UIInterfaceOrientationLandscapeRight";
				INFOPLIST_KEY_UISupportedInterfaceOrientations_iPhone = "UIInterfaceOrientationPortrait UIInterfaceOrientationLandscapeLeft UIInterfaceOrientationLandscapeRight";
				LD_RUNPATH_SEARCH_PATHS = (
					"$(inherited)",
					"@executable_path/Frameworks",
				);
				MARKETING_VERSION = 1.0;
				PRODUCT_BUNDLE_IDENTIFIER = vuslatcoskun.createmenu;
				PRODUCT_NAME = "$(TARGET_NAME)";
				SWIFT_EMIT_LOC_STRINGS = YES;
				SWIFT_VERSION = 5.0;
				TARGETED_DEVICE_FAMILY = "1,2";
			};
			name = Debug;
		};
		09F48B9229DE9BBB002F8AA0 /* Release */ = {
			isa = XCBuildConfiguration;
			buildSettings = {
				ASSETCATALOG_COMPILER_APPICON_NAME = AppIcon;
				ASSETCATALOG_COMPILER_GLOBAL_ACCENT_COLOR_NAME = AccentColor;
				CODE_SIGN_STYLE = Automatic;
				CURRENT_PROJECT_VERSION = 1;
				DEVELOPMENT_ASSET_PATHS = "\"createmenu/Preview Content\"";
				ENABLE_PREVIEWS = YES;
				GENERATE_INFOPLIST_FILE = YES;
				INFOPLIST_KEY_UIApplicationSceneManifest_Generation = YES;
				INFOPLIST_KEY_UIApplicationSupportsIndirectInputEvents = YES;
				INFOPLIST_KEY_UILaunchScreen_Generation = YES;
				INFOPLIST_KEY_UISupportedInterfaceOrientations_iPad = "UIInterfaceOrientationPortrait UIInterfaceOrientationPortraitUpsideDown UIInterfaceOrientationLandscapeLeft UIInterfaceOrientationLandscapeRight";
				INFOPLIST_KEY_UISupportedInterfaceOrientations_iPhone = "UIInterfaceOrientationPortrait UIInterfaceOrientationLandscapeLeft UIInterfaceOrientationLandscapeRight";
				LD_RUNPATH_SEARCH_PATHS = (
					"$(inherited)",
					"@executable_path/Frameworks",
				);
				MARKETING_VERSION = 1.0;
				PRODUCT_BUNDLE_IDENTIFIER = vuslatcoskun.createmenu;
				PRODUCT_NAME = "$(TARGET_NAME)";
				SWIFT_EMIT_LOC_STRINGS = YES;
				SWIFT_VERSION = 5.0;
				TARGETED_DEVICE_FAMILY = "1,2";
			};
			name = Release;
		};
		09F48B9429DE9BBB002F8AA0 /* Debug */ = {
			isa = XCBuildConfiguration;
			buildSettings = {
				ALWAYS_EMBED_SWIFT_STANDARD_LIBRARIES = YES;
				BUNDLE_LOADER = "$(TEST_HOST)";
				CODE_SIGN_STYLE = Automatic;
				CURRENT_PROJECT_VERSION = 1;
				GENERATE_INFOPLIST_FILE = YES;
				IPHONEOS_DEPLOYMENT_TARGET = 16.2;
				MARKETING_VERSION = 1.0;
				PRODUCT_BUNDLE_IDENTIFIER = vuslatcoskun.createmenuTests;
				PRODUCT_NAME = "$(TARGET_NAME)";
				SWIFT_EMIT_LOC_STRINGS = NO;
				SWIFT_VERSION = 5.0;
				TARGETED_DEVICE_FAMILY = "1,2";
				TEST_HOST = "$(BUILT_PRODUCTS_DIR)/createmenu.app/$(BUNDLE_EXECUTABLE_FOLDER_PATH)/createmenu";
			};
			name = Debug;
		};
		09F48B9529DE9BBB002F8AA0 /* Release */ = {
			isa = XCBuildConfiguration;
			buildSettings = {
				ALWAYS_EMBED_SWIFT_STANDARD_LIBRARIES = YES;
				BUNDLE_LOADER = "$(TEST_HOST)";
				CODE_SIGN_STYLE = Automatic;
				CURRENT_PROJECT_VERSION = 1;
				GENERATE_INFOPLIST_FILE = YES;
				IPHONEOS_DEPLOYMENT_TARGET = 16.2;
				MARKETING_VERSION = 1.0;
				PRODUCT_BUNDLE_IDENTIFIER = vuslatcoskun.createmenuTests;
				PRODUCT_NAME = "$(TARGET_NAME)";
				SWIFT_EMIT_LOC_STRINGS = NO;
				SWIFT_VERSION = 5.0;
				TARGETED_DEVICE_FAMILY = "1,2";
				TEST_HOST = "$(BUILT_PRODUCTS_DIR)/createmenu.app/$(BUNDLE_EXECUTABLE_FOLDER_PATH)/createmenu";
			};
			name = Release;
		};
		09F48B9729DE9BBB002F8AA0 /* Debug */ = {
			isa = XCBuildConfiguration;
			buildSettings = {
				ALWAYS_EMBED_SWIFT_STANDARD_LIBRARIES = YES;
				CODE_SIGN_STYLE = Automatic;
				CURRENT_PROJECT_VERSION = 1;
				GENERATE_INFOPLIST_FILE = YES;
				MARKETING_VERSION = 1.0;
				PRODUCT_BUNDLE_IDENTIFIER = vuslatcoskun.createmenuUITests;
				PRODUCT_NAME = "$(TARGET_NAME)";
				SWIFT_EMIT_LOC_STRINGS = NO;
				SWIFT_VERSION = 5.0;
				TARGETED_DEVICE_FAMILY = "1,2";
				TEST_TARGET_NAME = createmenu;
			};
			name = Debug;
		};
		09F48B9829DE9BBB002F8AA0 /* Release */ = {
			isa = XCBuildConfiguration;
			buildSettings = {
				ALWAYS_EMBED_SWIFT_STANDARD_LIBRARIES = YES;
				CODE_SIGN_STYLE = Automatic;
				CURRENT_PROJECT_VERSION = 1;
				GENERATE_INFOPLIST_FILE = YES;
				MARKETING_VERSION = 1.0;
				PRODUCT_BUNDLE_IDENTIFIER = vuslatcoskun.createmenuUITests;
				PRODUCT_NAME = "$(TARGET_NAME)";
				SWIFT_EMIT_LOC_STRINGS = NO;
				SWIFT_VERSION = 5.0;
				TARGETED_DEVICE_FAMILY = "1,2";
				TEST_TARGET_NAME = createmenu;
			};
			name = Release;
		};
/* End XCBuildConfiguration section */

/* Begin XCConfigurationList section */
		09F48B6729DE9BB9002F8AA0 /* Build configuration list for PBXProject "createmenu" */ = {
			isa = XCConfigurationList;
			buildConfigurations = (
				09F48B8E29DE9BBB002F8AA0 /* Debug */,
				09F48B8F29DE9BBB002F8AA0 /* Release */,
			);
			defaultConfigurationIsVisible = 0;
			defaultConfigurationName = Release;
		};
		09F48B9029DE9BBB002F8AA0 /* Build configuration list for PBXNativeTarget "createmenu" */ = {
			isa = XCConfigurationList;
			buildConfigurations = (
				09F48B9129DE9BBB002F8AA0 /* Debug */,
				09F48B9229DE9BBB002F8AA0 /* Release */,
			);
			defaultConfigurationIsVisible = 0;
			defaultConfigurationName = Release;
		};
		09F48B9329DE9BBB002F8AA0 /* Build configuration list for PBXNativeTarget "createmenuTests" */ = {
			isa = XCConfigurationList;
			buildConfigurations = (
				09F48B9429DE9BBB002F8AA0 /* Debug */,
				09F48B9529DE9BBB002F8AA0 /* Release */,
			);
			defaultConfigurationIsVisible = 0;
			defaultConfigurationName = Release;
		};
		09F48B9629DE9BBB002F8AA0 /* Build configuration list for PBXNativeTarget "createmenuUITests" */ = {
			isa = XCConfigurationList;
			buildConfigurations = (
				09F48B9729DE9BBB002F8AA0 /* Debug */,
				09F48B9829DE9BBB002F8AA0 /* Release */,
			);
			defaultConfigurationIsVisible = 0;
			defaultConfigurationName = Release;
		};
/* End XCConfigurationList section */
	};
	rootObject = 09F48B6429DE9BB9002F8AA0 /* Project object */;
}
